#MicroXplorer Configuration settings - do not modify
CAD.formats=
CAD.pinconfig=
CAD.provider=
CORTEX_M7.IPParameters=default_mode_Activation
CORTEX_M7.default_mode_Activation=1
DMA2D.ColorMode=DMA2D_OUTPUT_RGB565
DMA2D.IPParameters=ColorMode
Dma.Request0=SPI4_TX
Dma.RequestsNb=1
Dma.SPI4_TX.0.Direction=DMA_MEMORY_TO_PERIPH
Dma.SPI4_TX.0.EventEnable=DISABLE
Dma.SPI4_TX.0.FIFOMode=DMA_FIFOMODE_DISABLE
Dma.SPI4_TX.0.Instance=DMA1_Stream0
Dma.SPI4_TX.0.MemDataAlignment=DMA_MDATAALIGN_BYTE
Dma.SPI4_TX.0.MemInc=DMA_MINC_ENABLE
Dma.SPI4_TX.0.Mode=DMA_NORMAL
Dma.SPI4_TX.0.PeriphDataAlignment=DMA_PDATAALIGN_BYTE
Dma.SPI4_TX.0.PeriphInc=DMA_PINC_DISABLE
Dma.SPI4_TX.0.Polarity=HAL_DMAMUX_REQ_GEN_RISING
Dma.SPI4_TX.0.Priority=DMA_PRIORITY_LOW
Dma.SPI4_TX.0.RequestNumber=1
Dma.SPI4_TX.0.RequestParameters=Instance,Direction,PeriphInc,MemInc,PeriphDataAlignment,MemDataAlignment,Mode,Priority,FIFOMode,SignalID,Polarity,RequestNumber,SyncSignalID,SyncPolarity,SyncEnable,EventEnable,SyncRequestNumber
Dma.SPI4_TX.0.SignalID=NONE
Dma.SPI4_TX.0.SyncEnable=DISABLE
Dma.SPI4_TX.0.SyncPolarity=HAL_DMAMUX_SYNC_NO_EVENT
Dma.SPI4_TX.0.SyncRequestNumber=1
Dma.SPI4_TX.0.SyncSignalID=NONE
File.Version=6
GPIO.groupedBy=
KeepUserPlacement=false
MMTAppRegionsCount=0
MMTConfigApplied=false
MMTSectionSuffix=
Mcu.CPN=STM32H723VGT6
Mcu.Family=STM32H7
Mcu.IP0=CORTEX_M7
Mcu.IP1=CRC
Mcu.IP10=TIM1
Mcu.IP11=TIM2
Mcu.IP2=DEBUG
Mcu.IP3=DMA
Mcu.IP4=DMA2D
Mcu.IP5=MEMORYMAP
Mcu.IP6=NVIC
Mcu.IP7=RCC
Mcu.IP8=SPI4
Mcu.IP9=SYS
Mcu.IPNb=12
Mcu.Name=STM32H723VGTx
Mcu.Package=LQFP100
Mcu.Pin0=PE3
Mcu.Pin1=PE10
Mcu.Pin10=VP_SYS_VS_Systick
Mcu.Pin11=VP_TIM1_VS_ClockSourceINT
Mcu.Pin12=VP_TIM2_VS_ClockSourceINT
Mcu.Pin13=VP_MEMORYMAP_VS_MEMORYMAP
Mcu.Pin14=VP_STMicroelectronics.X-CUBE-TOUCHGFX_VS_GraphicsJjApplication_4.26.0
Mcu.Pin2=PE11
Mcu.Pin3=PE12
Mcu.Pin4=PE13
Mcu.Pin5=PE14
Mcu.Pin6=PA13(JTMS/SWDIO)
Mcu.Pin7=PA14(JTCK/SWCLK)
Mcu.Pin8=VP_CRC_VS_CRC
Mcu.Pin9=VP_DMA2D_VS_DMA2D
Mcu.PinsNb=15
Mcu.ThirdParty0=STMicroelectronics.X-CUBE-TOUCHGFX.4.26.0
Mcu.ThirdPartyNb=1
Mcu.UserConstants=
Mcu.UserName=STM32H723VGTx
MxCube.Version=6.16.1
MxDb.Version=DB.6.0.161
NVIC.BusFault_IRQn=true\:0\:0\:false\:false\:true\:false\:false\:false
NVIC.DMA1_Stream0_IRQn=true\:0\:0\:false\:false\:true\:false\:true\:true
NVIC.DebugMonitor_IRQn=true\:0\:0\:false\:false\:true\:false\:false\:false
NVIC.ForceEnableDMAVector=true
NVIC.HardFault_IRQn=true\:0\:0\:false\:false\:true\:false\:false\:false
NVIC.MemoryManagement_IRQn=true\:0\:0\:false\:false\:true\:false\:false\:false
NVIC.NonMaskableInt_IRQn=true\:0\:0\:false\:false\:true\:false\:false\:false
NVIC.PendSV_IRQn=true\:0\:0\:false\:false\:true\:false\:false\:false
NVIC.PriorityGroup=NVIC_PRIORITYGROUP_4
NVIC.SPI4_IRQn=true\:0\:0\:false\:false\:true\:false\:true\:true
NVIC.SVCall_IRQn=true\:0\:0\:false\:false\:true\:false\:false\:false
NVIC.SysTick_IRQn=true\:15\:0\:false\:false\:true\:false\:true\:false
NVIC.TIM2_IRQn=true\:0\:0\:false\:false\:true\:true\:true\:true
NVIC.UsageFault_IRQn=true\:0\:0\:false\:false\:true\:false\:false\:false
PA13(JTMS/SWDIO).Mode=Serial_Wire
PA13(JTMS/SWDIO).Signal=DEBUG_JTMS-SWDIO
PA14(JTCK/SWCLK).Mode=Serial_Wire
PA14(JTCK/SWCLK).Signal=DEBUG_JTCK-SWCLK
PE10.GPIOParameters=GPIO_Label
PE10.GPIO_Label=BACKLIGHT_LCD
PE10.Locked=true
PE10.Mode=PWM Generation2 CH2N
PE10.Signal=TIM1_CH2N
PE11.GPIOParameters=GPIO_Label
PE11.GPIO_Label=LCD_CS
PE11.Locked=true
PE11.Mode=NSS_Signal_Hard_Output
PE11.Signal=SPI4_NSS
PE12.Locked=true
PE12.Mode=TX_Only_Simplex_Unidirect_Master
PE12.Signal=SPI4_SCK
PE13.GPIOParameters=GPIO_Label
PE13.GPIO_Label=LCD_WR_RS
PE13.Locked=true
PE13.Signal=GPIO_Output
PE14.Locked=true
PE14.Mode=TX_Only_Simplex_Unidirect_Master
PE14.Signal=SPI4_MOSI
PE3.GPIOParameters=GPIO_Label
PE3.GPIO_Label=LED
PE3.Locked=true
PE3.Signal=GPIO_Output
PinOutPanel.RotationAngle=0
ProjectManager.AskForMigrate=true
ProjectManager.BackupPrevious=false
ProjectManager.CompilerLinker=GCC
ProjectManager.CompilerOptimize=6
ProjectManager.ComputerToolchain=false
ProjectManager.CoupleFile=true
ProjectManager.CustomerFirmwarePackage=
ProjectManager.DefaultFWLocation=true
ProjectManager.DeletePrevious=true
ProjectManager.DeviceId=STM32H723VGTx
ProjectManager.FirmwarePackage=STM32Cube FW_H7 V1.12.1
ProjectManager.FreePins=false
ProjectManager.FreePinsContext=
ProjectManager.HalAssertFull=false
ProjectManager.HeapSize=0x200
ProjectManager.KeepUserCode=true
ProjectManager.LastFirmware=true
ProjectManager.LibraryCopy=1
ProjectManager.MainLocation=Core/Src
ProjectManager.NoMain=false
ProjectManager.PreviousToolchain=STM32CubeIDE
ProjectManager.ProjectBuild=false
ProjectManager.ProjectFileName=LCD_GFX.ioc
ProjectManager.ProjectName=LCD_GFX
ProjectManager.ProjectStructure=
ProjectManager.RegisterCallBack=
ProjectManager.StackSize=0x400
ProjectManager.TargetToolchain=STM32CubeIDE
ProjectManager.ToolChainLocation=
ProjectManager.UAScriptAfterPath=
ProjectManager.UAScriptBeforePath=
ProjectManager.UnderRoot=true
ProjectManager.functionlistsort=1-SystemClock_Config-RCC-false-HAL-false,2-MX_GPIO_Init-GPIO-false-HAL-true,3-MX_DMA_Init-DMA-false-HAL-true,4-MX_SPI4_Init-SPI4-false-HAL-true,5-MX_TIM1_Init-TIM1-false-HAL-true,6-MX_DMA2D_Init-DMA2D-false-HAL-true,7-MX_CRC_Init-CRC-false-HAL-true,8-MX_TIM2_Init-TIM2-false-HAL-true,9-MX_TouchGFX_Init-STMicroelectronics.X-CUBE-TOUCHGFX.4.26.0-false-HAL-false,0-MX_CORTEX_M7_Init-CORTEX_M7-false-HAL-true,10-MX_TouchGFX_Process-STMicroelectronics.X-CUBE-TOUCHGFX.4.26.0-false-HAL-false
RCC.ADCFreq_Value=129000000
RCC.AHB12Freq_Value=100000000
RCC.AHB4Freq_Value=100000000
RCC.APB1Freq_Value=100000000
RCC.APB2Freq_Value=100000000
RCC.APB3Freq_Value=100000000
RCC.APB4Freq_Value=100000000
RCC.AXIClockFreq_Value=100000000
RCC.CECFreq_Value=32000
RCC.CKPERFreq_Value=64000000
RCC.CortexFreq_Value=100000000
RCC.CpuClockFreq_Value=100000000
RCC.D1CPRE=RCC_SYSCLK_DIV2
RCC.D1CPREFreq_Value=100000000
RCC.DFSDMACLkFreq_Value=100000000
RCC.DFSDMFreq_Value=100000000
RCC.DIVM1=4
RCC.DIVN1=12
RCC.DIVP1=1
RCC.DIVP1Freq_Value=200000000
RCC.DIVP2Freq_Value=129000000
RCC.DIVP3Freq_Value=129000000
RCC.DIVQ1Freq_Value=100000000
RCC.DIVQ2Freq_Value=129000000
RCC.DIVQ3Freq_Value=129000000
RCC.DIVR1Freq_Value=100000000
RCC.DIVR2Freq_Value=129000000
RCC.DIVR3Freq_Value=129000000
RCC.FDCANFreq_Value=100000000
RCC.FMCFreq_Value=100000000
RCC.FamilyName=M
RCC.HCLK3ClockFreq_Value=100000000
RCC.HCLKFreq_Value=100000000
RCC.I2C123Freq_Value=100000000
RCC.I2C4Freq_Value=100000000
RCC.IPParameters=ADCFreq_Value,AHB12Freq_Value,AHB4Freq_Value,APB1Freq_Value,APB2Freq_Value,APB3Freq_Value,APB4Freq_Value,AXIClockFreq_Value,CECFreq_Value,CKPERFreq_Value,CortexFreq_Value,CpuClockFreq_Value,D1CPRE,D1CPREFreq_Value,DFSDMACLkFreq_Value,DFSDMFreq_Value,DIVM1,DIVN1,DIVP1,DIVP1Freq_Value,DIVP2Freq_Value,DIVP3Freq_Value,DIVQ1Freq_Value,DIVQ2Freq_Value,DIVQ3Freq_Value,DIVR1Freq_Value,DIVR2Freq_Value,DIVR3Freq_Value,FDCANFreq_Value,FMCFreq_Value,FamilyName,HCLK3ClockFreq_Value,HCLKFreq_Value,I2C123Freq_Value,I2C4Freq_Value,LPTIM1Freq_Value,LPTIM2Freq_Value,LPTIM345Freq_Value,LPUART1Freq_Value,LTDCFreq_Value,MCO1PinFreq_Value,MCO2PinFreq_Value,PLL2FRACN,PLL3FRACN,PLLFRACN,QSPIFreq_Value,RNGFreq_Value,RTCFreq_Value,SAI1Freq_Value,SAI4AFreq_Value,SAI4BFreq_Value,SDMMCFreq_Value,SPDIFRXFreq_Value,SPI123Freq_Value,SPI45Freq_Value,SPI6Freq_Value,SWPMI1Freq_Value,SYSCLKFreq_VALUE,SYSCLKSource,Tim1OutputFreq_Value,Tim2OutputFreq_Value,TraceFreq_Value,USART16Freq_Value,USART234578Freq_Value,USBFreq_Value,VCO1OutputFreq_Value,VCO2OutputFreq_Value,VCO3OutputFreq_Value,VCOInput1Freq_Value,VCOInput2Freq_Value,VCOInput3Freq_Value
RCC.LPTIM1Freq_Value=100000000
RCC.LPTIM2Freq_Value=100000000
RCC.LPTIM345Freq_Value=100000000
RCC.LPUART1Freq_Value=100000000
RCC.LTDCFreq_Value=129000000
RCC.MCO1PinFreq_Value=64000000
RCC.MCO2PinFreq_Value=200000000
RCC.PLL2FRACN=0
RCC.PLL3FRACN=0
RCC.PLLFRACN=4096
RCC.QSPIFreq_Value=100000000
RCC.RNGFreq_Value=48000000
RCC.RTCFreq_Value=32000
RCC.SAI1Freq_Value=100000000
RCC.SAI4AFreq_Value=100000000
RCC.SAI4BFreq_Value=100000000
RCC.SDMMCFreq_Value=100000000
RCC.SPDIFRXFreq_Value=100000000
RCC.SPI123Freq_Value=100000000
RCC.SPI45Freq_Value=100000000
RCC.SPI6Freq_Value=100000000
RCC.SWPMI1Freq_Value=100000000
RCC.SYSCLKFreq_VALUE=200000000
RCC.SYSCLKSource=RCC_SYSCLKSOURCE_PLLCLK
RCC.Tim1OutputFreq_Value=100000000
RCC.Tim2OutputFreq_Value=100000000
RCC.TraceFreq_Value=100000000
RCC.USART16Freq_Value=100000000
RCC.USART234578Freq_Value=100000000
RCC.USBFreq_Value=100000000
RCC.VCO1OutputFreq_Value=200000000
RCC.VCO2OutputFreq_Value=258000000
RCC.VCO3OutputFreq_Value=258000000
RCC.VCOInput1Freq_Value=16000000
RCC.VCOInput2Freq_Value=2000000
RCC.VCOInput3Freq_Value=2000000
SPI4.CalculateBaudRate=50.0 MBits/s
SPI4.DataSize=SPI_DATASIZE_8BIT
SPI4.Direction=SPI_DIRECTION_2LINES_TXONLY
SPI4.IPParameters=VirtualType,Mode,Direction,CalculateBaudRate,VirtualNSS,DataSize
SPI4.Mode=SPI_MODE_MASTER
SPI4.VirtualNSS=VM_NSSHARD
SPI4.VirtualType=VM_MASTER
STMicroelectronics.X-CUBE-TOUCHGFX.4.26.0.ApplicationCcGraphicsJjApplication=TouchGFXOoGenerator
STMicroelectronics.X-CUBE-TOUCHGFX.4.26.0.GraphicsJjApplication_Checked=true
STMicroelectronics.X-CUBE-TOUCHGFX.4.26.0.IPParameters=tgfx_custom_width,tgfx_custom_height,tgfx_hardware_accelerator,tgfx_buffering_strategy,tgfx_block_size,tgfx_partialfb_transmit_strategy,ApplicationCcGraphicsJjApplication
STMicroelectronics.X-CUBE-TOUCHGFX.4.26.0.tgfx_block_size=9600
STMicroelectronics.X-CUBE-TOUCHGFX.4.26.0.tgfx_buffering_strategy=Partial
STMicroelectronics.X-CUBE-TOUCHGFX.4.26.0.tgfx_custom_height=80
STMicroelectronics.X-CUBE-TOUCHGFX.4.26.0.tgfx_custom_width=160
STMicroelectronics.X-CUBE-TOUCHGFX.4.26.0.tgfx_hardware_accelerator=dma_2d
STMicroelectronics.X-CUBE-TOUCHGFX.4.26.0.tgfx_partialfb_transmit_strategy=Enabled
STMicroelectronics.X-CUBE-TOUCHGFX.4.26.0_IsPackSelfContextualization=true
STMicroelectronics.X-CUBE-TOUCHGFX.4.26.0_SwParameter=ApplicationCcGraphicsJjApplication\:TouchGFXOoGenerator;
TIM1.Channel-PWM\ Generation2\ CH2N=TIM_CHANNEL_2
TIM1.IPParameters=Channel-PWM Generation2 CH2N,Pulse-PWM Generation2 CH2N
TIM1.Pulse-PWM\ Generation2\ CH2N=65535
TIM2.IPParameters=Prescaler,Period
TIM2.Period=50000-1
TIM2.Prescaler=100-1
VP_CRC_VS_CRC.Mode=CRC_Activate
VP_CRC_VS_CRC.Signal=CRC_VS_CRC
VP_DMA2D_VS_DMA2D.Mode=DMA2D_Activate
VP_DMA2D_VS_DMA2D.Signal=DMA2D_VS_DMA2D
VP_MEMORYMAP_VS_MEMORYMAP.Mode=CurAppReg
VP_MEMORYMAP_VS_MEMORYMAP.Signal=MEMORYMAP_VS_MEMORYMAP
VP_STMicroelectronics.X-CUBE-TOUCHGFX_VS_GraphicsJjApplication_4.26.0.Mode=GraphicsJjApplication
VP_STMicroelectronics.X-CUBE-TOUCHGFX_VS_GraphicsJjApplication_4.26.0.Signal=STMicroelectronics.X-CUBE-TOUCHGFX_VS_GraphicsJjApplication_4.26.0
VP_SYS_VS_Systick.Mode=SysTick
VP_SYS_VS_Systick.Signal=SYS_VS_Systick
VP_TIM1_VS_ClockSourceINT.Mode=Internal
VP_TIM1_VS_ClockSourceINT.Signal=TIM1_VS_ClockSourceINT
VP_TIM2_VS_ClockSourceINT.Mode=Internal
VP_TIM2_VS_ClockSourceINT.Signal=TIM2_VS_ClockSourceINT
board=custom
